
Microsoft Visual Studio Solution File, Format Version 12.00
# Visual Studio Version 16
VisualStudioVersion = 16.0.31005.135
MinimumVisualStudioVersion = 10.0.40219.1
Project("{9A19103F-16F7-4668-BE54-9A1E7A4F7556}") = "Desafio.AMcom", "Desafio.AMcom.csproj", "{56ECF92E-D8ED-4044-9A3C-B8EEAF1AF141}"
EndProject
Global
	GlobalSection(SolutionConfigurationPlatforms) = preSolution
		Debug|Any CPU = Debug|Any CPU
		Release|Any CPU = Release|Any CPU
	EndGlobalSection
	GlobalSection(ProjectConfigurationPlatforms) = postSolution
		{56ECF92E-D8ED-4044-9A3C-B8EEAF1AF141}.Debug|Any CPU.ActiveCfg = Debug|Any CPU
		{56ECF92E-D8ED-4044-9A3C-B8EEAF1AF141}.Debug|Any CPU.Build.0 = Debug|Any CPU
		{56ECF92E-D8ED-4044-9A3C-B8EEAF1AF141}.Release|Any CPU.ActiveCfg = Release|Any CPU
		{56ECF92E-D8ED-4044-9A3C-B8EEAF1AF141}.Release|Any CPU.Build.0 = Release|Any CPU
	EndGlobalSection
	GlobalSection(SolutionProperties) = preSolution
		HideSolutionNode = FALSE
	EndGlobalSection
	GlobalSection(ExtensibilityGlobals) = postSolution
		SolutionGuid = {9EC90E81-6E90-4A8C-906D-ED5745DF0C22}
	EndGlobalSection
EndGlobal
